// !$*UTF8*$!
{
	archiveVersion = 1;
	classes = {
	};
	objectVersion = 46;
	objects = {

/* Begin PBXBuildFile section */
		082843AB1DAD0EC400520FA1 /* AppDelegate.swift in Sources */ = {isa = PBXBuildFile; fileRef = 082843AA1DAD0EC400520FA1 /* AppDelegate.swift */; };
		082843AD1DAD0EC400520FA1 /* ViewController.swift in Sources */ = {isa = PBXBuildFile; fileRef = 082843AC1DAD0EC400520FA1 /* ViewController.swift */; };
		082843B01DAD0EC400520FA1 /* Main.storyboard in Resources */ = {isa = PBXBuildFile; fileRef = 082843AE1DAD0EC400520FA1 /* Main.storyboard */; };
		082843B21DAD0EC400520FA1 /* Assets.xcassets in Resources */ = {isa = PBXBuildFile; fileRef = 082843B11DAD0EC400520FA1 /* Assets.xcassets */; };
		082843B51DAD0EC400520FA1 /* LaunchScreen.storyboard in Resources */ = {isa = PBXBuildFile; fileRef = 082843B31DAD0EC400520FA1 /* LaunchScreen.storyboard */; };
		082843D91DAD263800520FA1 /* DollarTests.swift in Sources */ = {isa = PBXBuildFile; fileRef = 082843D81DAD263800520FA1 /* DollarTests.swift */; };
		2FEE101FCAFD10697E7BE51F /* Pods_TDDByExample.framework in Frameworks */ = {isa = PBXBuildFile; fileRef = B63B97066F9A58A9AE5C97ED /* Pods_TDDByExample.framework */; };
		854079B7130D49223FC4C993 /* Pods_TDDByExample_TDDByExampleTests.framework in Frameworks */ = {isa = PBXBuildFile; fileRef = 4B11F7C1ADF5CA51E14B49F1 /* Pods_TDDByExample_TDDByExampleTests.framework */; };
		88E155D01D697DEB517ACFC9 /* Pods_TDDByExampleTests.framework in Frameworks */ = {isa = PBXBuildFile; fileRef = DA5C4B07ADCC957D8D3D1E3D /* Pods_TDDByExampleTests.framework */; };
/* End PBXBuildFile section */

/* Begin PBXContainerItemProxy section */
		082843BC1DAD0EC400520FA1 /* PBXContainerItemProxy */ = {
			isa = PBXContainerItemProxy;
			containerPortal = 0828439F1DAD0EC400520FA1 /* Project object */;
			proxyType = 1;
			remoteGlobalIDString = 082843A61DAD0EC400520FA1;
			remoteInfo = TDDByExample;
		};
/* End PBXContainerItemProxy section */

/* Begin PBXFileReference section */
		082843A71DAD0EC400520FA1 /* TDDByExample.app */ = {isa = PBXFileReference; explicitFileType = wrapper.application; includeInIndex = 0; path = TDDByExample.app; sourceTree = BUILT_PRODUCTS_DIR; };
		082843AA1DAD0EC400520FA1 /* AppDelegate.swift */ = {isa = PBXFileReference; lastKnownFileType = sourcecode.swift; path = AppDelegate.swift; sourceTree = "<group>"; };
		082843AC1DAD0EC400520FA1 /* ViewController.swift */ = {isa = PBXFileReference; lastKnownFileType = sourcecode.swift; path = ViewController.swift; sourceTree = "<group>"; };
		082843AF1DAD0EC400520FA1 /* Base */ = {isa = PBXFileReference; lastKnownFileType = file.storyboard; name = Base; path = Base.lproj/Main.storyboard; sourceTree = "<group>"; };
		082843B11DAD0EC400520FA1 /* Assets.xcassets */ = {isa = PBXFileReference; lastKnownFileType = folder.assetcatalog; path = Assets.xcassets; sourceTree = "<group>"; };
		082843B41DAD0EC400520FA1 /* Base */ = {isa = PBXFileReference; lastKnownFileType = file.storyboard; name = Base; path = Base.lproj/LaunchScreen.storyboard; sourceTree = "<group>"; };
		082843B61DAD0EC400520FA1 /* Info.plist */ = {isa = PBXFileReference; lastKnownFileType = text.plist.xml; path = Info.plist; sourceTree = "<group>"; };
		082843BB1DAD0EC400520FA1 /* TDDByExampleTests.xctest */ = {isa = PBXFileReference; explicitFileType = wrapper.cfbundle; includeInIndex = 0; path = TDDByExampleTests.xctest; sourceTree = BUILT_PRODUCTS_DIR; };
		082843C11DAD0EC400520FA1 /* Info.plist */ = {isa = PBXFileReference; lastKnownFileType = text.plist.xml; path = Info.plist; sourceTree = "<group>"; };
		082843D81DAD263800520FA1 /* DollarTests.swift */ = {isa = PBXFileReference; fileEncoding = 4; lastKnownFileType = sourcecode.swift; path = DollarTests.swift; sourceTree = "<group>"; };
		474B95E254E53461D05ED025 /* Pods_TDDByExample_TDDByExampleUITests.framework */ = {isa = PBXFileReference; explicitFileType = wrapper.framework; includeInIndex = 0; path = Pods_TDDByExample_TDDByExampleUITests.framework; sourceTree = BUILT_PRODUCTS_DIR; };
		4B11F7C1ADF5CA51E14B49F1 /* Pods_TDDByExample_TDDByExampleTests.framework */ = {isa = PBXFileReference; explicitFileType = wrapper.framework; includeInIndex = 0; path = Pods_TDDByExample_TDDByExampleTests.framework; sourceTree = BUILT_PRODUCTS_DIR; };
		A6909FEF6A9131553C9870C5 /* Pods-TDDByExampleTests.release.xcconfig */ = {isa = PBXFileReference; includeInIndex = 1; lastKnownFileType = text.xcconfig; name = "Pods-TDDByExampleTests.release.xcconfig"; path = "Pods/Target Support Files/Pods-TDDByExampleTests/Pods-TDDByExampleTests.release.xcconfig"; sourceTree = "<group>"; };
		B63B97066F9A58A9AE5C97ED /* Pods_TDDByExample.framework */ = {isa = PBXFileReference; explicitFileType = wrapper.framework; includeInIndex = 0; path = Pods_TDDByExample.framework; sourceTree = BUILT_PRODUCTS_DIR; };
		B651993657B936CE98BFA50D /* Pods-TDDByExample.release.xcconfig */ = {isa = PBXFileReference; includeInIndex = 1; lastKnownFileType = text.xcconfig; name = "Pods-TDDByExample.release.xcconfig"; path = "Pods/Target Support Files/Pods-TDDByExample/Pods-TDDByExample.release.xcconfig"; sourceTree = "<group>"; };
		C9DC21FA4F51928F31A02B04 /* Pods-TDDByExampleTests.debug.xcconfig */ = {isa = PBXFileReference; includeInIndex = 1; lastKnownFileType = text.xcconfig; name = "Pods-TDDByExampleTests.debug.xcconfig"; path = "Pods/Target Support Files/Pods-TDDByExampleTests/Pods-TDDByExampleTests.debug.xcconfig"; sourceTree = "<group>"; };
		DA5C4B07ADCC957D8D3D1E3D /* Pods_TDDByExampleTests.framework */ = {isa = PBXFileReference; explicitFileType = wrapper.framework; includeInIndex = 0; path = Pods_TDDByExampleTests.framework; sourceTree = BUILT_PRODUCTS_DIR; };
		EB3C6F7DDF6B470867872460 /* Pods-TDDByExample.debug.xcconfig */ = {isa = PBXFileReference; includeInIndex = 1; lastKnownFileType = text.xcconfig; name = "Pods-TDDByExample.debug.xcconfig"; path = "Pods/Target Support Files/Pods-TDDByExample/Pods-TDDByExample.debug.xcconfig"; sourceTree = "<group>"; };
/* End PBXFileReference section */

/* Begin PBXFrameworksBuildPhase section */
		082843A41DAD0EC400520FA1 /* Frameworks */ = {
			isa = PBXFrameworksBuildPhase;
			buildActionMask = 2147483647;
			files = (
				2FEE101FCAFD10697E7BE51F /* Pods_TDDByExample.framework in Frameworks */,
			);
			runOnlyForDeploymentPostprocessing = 0;
		};
		082843B81DAD0EC400520FA1 /* Frameworks */ = {
			isa = PBXFrameworksBuildPhase;
			buildActionMask = 2147483647;
			files = (
				854079B7130D49223FC4C993 /* Pods_TDDByExample_TDDByExampleTests.framework in Frameworks */,
				88E155D01D697DEB517ACFC9 /* Pods_TDDByExampleTests.framework in Frameworks */,
			);
			runOnlyForDeploymentPostprocessing = 0;
		};
/* End PBXFrameworksBuildPhase section */

/* Begin PBXGroup section */
		0828439E1DAD0EC400520FA1 = {
			isa = PBXGroup;
			children = (
				082843A91DAD0EC400520FA1 /* TDDByExample */,
				082843BE1DAD0EC400520FA1 /* TDDByExampleTests */,
				082843A81DAD0EC400520FA1 /* Products */,
				1EB43C5071638CA58B6D973D /* Pods */,
				70B971FA975F63D4B725AD19 /* Frameworks */,
			);
			sourceTree = "<group>";
		};
		082843A81DAD0EC400520FA1 /* Products */ = {
			isa = PBXGroup;
			children = (
				082843A71DAD0EC400520FA1 /* TDDByExample.app */,
				082843BB1DAD0EC400520FA1 /* TDDByExampleTests.xctest */,
			);
			name = Products;
			sourceTree = "<group>";
		};
		082843A91DAD0EC400520FA1 /* TDDByExample */ = {
			isa = PBXGroup;
			children = (
				082843AA1DAD0EC400520FA1 /* AppDelegate.swift */,
				082843AC1DAD0EC400520FA1 /* ViewController.swift */,
				082843AE1DAD0EC400520FA1 /* Main.storyboard */,
				082843B11DAD0EC400520FA1 /* Assets.xcassets */,
				082843B31DAD0EC400520FA1 /* LaunchScreen.storyboard */,
				082843B61DAD0EC400520FA1 /* Info.plist */,
			);
			path = TDDByExample;
			sourceTree = "<group>";
		};
		082843BE1DAD0EC400520FA1 /* TDDByExampleTests */ = {
			isa = PBXGroup;
			children = (
				082843C11DAD0EC400520FA1 /* Info.plist */,
				082843D81DAD263800520FA1 /* DollarTests.swift */,
			);
			path = TDDByExampleTests;
			sourceTree = "<group>";
		};
		1EB43C5071638CA58B6D973D /* Pods */ = {
			isa = PBXGroup;
			children = (
				C9DC21FA4F51928F31A02B04 /* Pods-TDDByExampleTests.debug.xcconfig */,
				A6909FEF6A9131553C9870C5 /* Pods-TDDByExampleTests.release.xcconfig */,
				EB3C6F7DDF6B470867872460 /* Pods-TDDByExample.debug.xcconfig */,
				B651993657B936CE98BFA50D /* Pods-TDDByExample.release.xcconfig */,
			);
			name = Pods;
			sourceTree = "<group>";
		};
		70B971FA975F63D4B725AD19 /* Frameworks */ = {
			isa = PBXGroup;
			children = (
				DA5C4B07ADCC957D8D3D1E3D /* Pods_TDDByExampleTests.framework */,
				B63B97066F9A58A9AE5C97ED /* Pods_TDDByExample.framework */,
				4B11F7C1ADF5CA51E14B49F1 /* Pods_TDDByExample_TDDByExampleTests.framework */,
				474B95E254E53461D05ED025 /* Pods_TDDByExample_TDDByExampleUITests.framework */,
			);
			name = Frameworks;
			sourceTree = "<group>";
		};
/* End PBXGroup section */

/* Begin PBXNativeTarget section */
		082843A61DAD0EC400520FA1 /* TDDByExample */ = {
			isa = PBXNativeTarget;
			buildConfigurationList = 082843CF1DAD0EC400520FA1 /* Build configuration list for PBXNativeTarget "TDDByExample" */;
			buildPhases = (
				205ED86372E3F4DFC5C6BB0F /* [CP] Check Pods Manifest.lock */,
				082843A31DAD0EC400520FA1 /* Sources */,
				082843A41DAD0EC400520FA1 /* Frameworks */,
				082843A51DAD0EC400520FA1 /* Resources */,
				1679DA24233D790389E8B019 /* [CP] Embed Pods Frameworks */,
				62EDF5CD317998D6541CDD8C /* [CP] Copy Pods Resources */,
			);
			buildRules = (
			);
			dependencies = (
			);
			name = TDDByExample;
			productName = TDDByExample;
			productReference = 082843A71DAD0EC400520FA1 /* TDDByExample.app */;
			productType = "com.apple.product-type.application";
		};
		082843BA1DAD0EC400520FA1 /* TDDByExampleTests */ = {
			isa = PBXNativeTarget;
			buildConfigurationList = 082843D21DAD0EC400520FA1 /* Build configuration list for PBXNativeTarget "TDDByExampleTests" */;
			buildPhases = (
				92EF01D481C3DCBAE7C4A6CB /* [CP] Check Pods Manifest.lock */,
				082843B71DAD0EC400520FA1 /* Sources */,
				082843B81DAD0EC400520FA1 /* Frameworks */,
				082843B91DAD0EC400520FA1 /* Resources */,
				FA24D57A53A06231344C101C /* [CP] Embed Pods Frameworks */,
				986F35E841E764456814CD0D /* [CP] Copy Pods Resources */,
			);
			buildRules = (
			);
			dependencies = (
				082843BD1DAD0EC400520FA1 /* PBXTargetDependency */,
			);
			name = TDDByExampleTests;
			productName = TDDByExampleTests;
			productReference = 082843BB1DAD0EC400520FA1 /* TDDByExampleTests.xctest */;
			productType = "com.apple.product-type.bundle.unit-test";
		};
/* End PBXNativeTarget section */

/* Begin PBXProject section */
		0828439F1DAD0EC400520FA1 /* Project object */ = {
			isa = PBXProject;
			attributes = {
				LastSwiftUpdateCheck = 0800;
				LastUpgradeCheck = 0800;
				ORGANIZATIONNAME = "heeso Kim";
				TargetAttributes = {
					082843A61DAD0EC400520FA1 = {
						CreatedOnToolsVersion = 8.0;
						ProvisioningStyle = Automatic;
					};
					082843BA1DAD0EC400520FA1 = {
						CreatedOnToolsVersion = 8.0;
						LastSwiftMigration = 0800;
						ProvisioningStyle = Automatic;
						TestTargetID = 082843A61DAD0EC400520FA1;
					};
				};
			};
			buildConfigurationList = 082843A21DAD0EC400520FA1 /* Build configuration list for PBXProject "TDDByExample" */;
			compatibilityVersion = "Xcode 3.2";
			developmentRegion = English;
			hasScannedForEncodings = 0;
			knownRegions = (
				en,
				Base,
			);
			mainGroup = 0828439E1DAD0EC400520FA1;
			productRefGroup = 082843A81DAD0EC400520FA1 /* Products */;
			projectDirPath = "";
			projectRoot = "";
			targets = (
				082843A61DAD0EC400520FA1 /* TDDByExample */,
				082843BA1DAD0EC400520FA1 /* TDDByExampleTests */,
			);
		};
/* End PBXProject section */

/* Begin PBXResourcesBuildPhase section */
		082843A51DAD0EC400520FA1 /* Resources */ = {
			isa = PBXResourcesBuildPhase;
			buildActionMask = 2147483647;
			files = (
				082843B51DAD0EC400520FA1 /* LaunchScreen.storyboard in Resources */,
				082843B21DAD0EC400520FA1 /* Assets.xcassets in Resources */,
				082843B01DAD0EC400520FA1 /* Main.storyboard in Resources */,
			);
			runOnlyForDeploymentPostprocessing = 0;
		};
		082843B91DAD0EC400520FA1 /* Resources */ = {
			isa = PBXResourcesBuildPhase;
			buildActionMask = 2147483647;
			files = (
			);
			runOnlyForDeploymentPostprocessing = 0;
		};
/* End PBXResourcesBuildPhase section */

/* Begin PBXShellScriptBuildPhase section */
		1679DA24233D790389E8B019 /* [CP] Embed Pods Frameworks */ = {
			isa = PBXShellScriptBuildPhase;
			buildActionMask = 2147483647;
			files = (
			);
			inputPaths = (
			);
			name = "[CP] Embed Pods Frameworks";
			outputPaths = (
			);
			runOnlyForDeploymentPostprocessing = 0;
			shellPath = /bin/sh;
			shellScript = "\"${SRCROOT}/Pods/Target Support Files/Pods-TDDByExample/Pods-TDDByExample-frameworks.sh\"\n";
			showEnvVarsInLog = 0;
		};
		205ED86372E3F4DFC5C6BB0F /* [CP] Check Pods Manifest.lock */ = {
			isa = PBXShellScriptBuildPhase;
			buildActionMask = 2147483647;
			files = (
			);
			inputPaths = (
			);
			name = "[CP] Check Pods Manifest.lock";
			outputPaths = (
			);
			runOnlyForDeploymentPostprocessing = 0;
			shellPath = /bin/sh;
			shellScript = "diff \"${PODS_ROOT}/../Podfile.lock\" \"${PODS_ROOT}/Manifest.lock\" > /dev/null\nif [ $? != 0 ] ; then\n    # print error to STDERR\n    echo \"error: The sandbox is not in sync with the Podfile.lock. Run 'pod install' or update your CocoaPods installation.\" >&2\n    exit 1\nfi\n";
			showEnvVarsInLog = 0;
		};
		62EDF5CD317998D6541CDD8C /* [CP] Copy Pods Resources */ = {
			isa = PBXShellScriptBuildPhase;
			buildActionMask = 2147483647;
			files = (
			);
			inputPaths = (
			);
			name = "[CP] Copy Pods Resources";
			outputPaths = (
			);
			runOnlyForDeploymentPostprocessing = 0;
			shellPath = /bin/sh;
			shellScript = "\"${SRCROOT}/Pods/Target Support Files/Pods-TDDByExample/Pods-TDDByExample-resources.sh\"\n";
			showEnvVarsInLog = 0;
		};
		92EF01D481C3DCBAE7C4A6CB /* [CP] Check Pods Manifest.lock */ = {
			isa = PBXShellScriptBuildPhase;
			buildActionMask = 2147483647;
			files = (
			);
			inputPaths = (
			);
			name = "[CP] Check Pods Manifest.lock";
			outputPaths = (
			);
			runOnlyForDeploymentPostprocessing = 0;
			shellPath = /bin/sh;
			shellScript = "diff \"${PODS_ROOT}/../Podfile.lock\" \"${PODS_ROOT}/Manifest.lock\" > /dev/null\nif [ $? != 0 ] ; then\n    # print error to STDERR\n    echo \"error: The sandbox is not in sync with the Podfile.lock. Run 'pod install' or update your CocoaPods installation.\" >&2\n    exit 1\nfi\n";
			showEnvVarsInLog = 0;
		};
		986F35E841E764456814CD0D /* [CP] Copy Pods Resources */ = {
			isa = PBXShellScriptBuildPhase;
			buildActionMask = 2147483647;
			files = (
			);
			inputPaths = (
			);
			name = "[CP] Copy Pods Resources";
			outputPaths = (
			);
			runOnlyForDeploymentPostprocessing = 0;
			shellPath = /bin/sh;
			shellScript = "\"${SRCROOT}/Pods/Target Support Files/Pods-TDDByExampleTests/Pods-TDDByExampleTests-resources.sh\"\n";
			showEnvVarsInLog = 0;
		};
		FA24D57A53A06231344C101C /* [CP] Embed Pods Frameworks */ = {
			isa = PBXShellScriptBuildPhase;
			buildActionMask = 2147483647;
			files = (
			);
			inputPaths = (
			);
			name = "[CP] Embed Pods Frameworks";
			outputPaths = (
			);
			runOnlyForDeploymentPostprocessing = 0;
			shellPath = /bin/sh;
			shellScript = "\"${SRCROOT}/Pods/Target Support Files/Pods-TDDByExampleTests/Pods-TDDByExampleTests-frameworks.sh\"\n";
			showEnvVarsInLog = 0;
		};
/* End PBXShellScriptBuildPhase section */

/* Begin PBXSourcesBuildPhase section */
		082843A31DAD0EC400520FA1 /* Sources */ = {
			isa = PBXSourcesBuildPhase;
			buildActionMask = 2147483647;
			files = (
				082843AD1DAD0EC400520FA1 /* ViewController.swift in Sources */,
				082843AB1DAD0EC400520FA1 /* AppDelegate.swift in Sources */,
			);
			runOnlyForDeploymentPostprocessing = 0;
		};
		082843B71DAD0EC400520FA1 /* Sources */ = {
			isa = PBXSourcesBuildPhase;
			buildActionMask = 2147483647;
			files = (
				082843D91DAD263800520FA1 /* DollarTests.swift in Sources */,
			);
			runOnlyForDeploymentPostprocessing = 0;
		};
/* End PBXSourcesBuildPhase section */

/* Begin PBXTargetDependency section */
		082843BD1DAD0EC400520FA1 /* PBXTargetDependency */ = {
			isa = PBXTargetDependency;
			target = 082843A61DAD0EC400520FA1 /* TDDByExample */;
			targetProxy = 082843BC1DAD0EC400520FA1 /* PBXContainerItemProxy */;
		};
/* End PBXTargetDependency section */

/* Begin PBXVariantGroup section */
		082843AE1DAD0EC400520FA1 /* Main.storyboard */ = {
			isa = PBXVariantGroup;
			children = (
				082843AF1DAD0EC400520FA1 /* Base */,
			);
			name = Main.storyboard;
			sourceTree = "<group>";
		};
		082843B31DAD0EC400520FA1 /* LaunchScreen.storyboard */ = {
			isa = PBXVariantGroup;
			children = (
				082843B41DAD0EC400520FA1 /* Base */,
			);
			name = LaunchScreen.storyboard;
			sourceTree = "<group>";
		};
/* End PBXVariantGroup section */

/* Begin XCBuildConfiguration section */
		082843CD1DAD0EC400520FA1 /* Debug */ = {
			isa = XCBuildConfiguration;
			buildSettings = {
				ALWAYS_EMBED_SWIFT_STANDARD_LIBRARIES = YES;
				ALWAYS_SEARCH_USER_PATHS = NO;
				CLANG_ANALYZER_NONNULL = YES;
				CLANG_CXX_LANGUAGE_STANDARD = "gnu++0x";
				CLANG_CXX_LIBRARY = "libc++";
				CLANG_ENABLE_MODULES = YES;
				CLANG_ENABLE_OBJC_ARC = YES;
				CLANG_WARN_BOOL_CONVERSION = YES;
				CLANG_WARN_CONSTANT_CONVERSION = YES;
				CLANG_WARN_DIRECT_OBJC_ISA_USAGE = YES_ERROR;
				CLANG_WARN_DOCUMENTATION_COMMENTS = YES;
				CLANG_WARN_EMPTY_BODY = YES;
				CLANG_WARN_ENUM_CONVERSION = YES;
				CLANG_WARN_INFINITE_RECURSION = YES;
				CLANG_WARN_INT_CONVERSION = YES;
				CLANG_WARN_OBJC_ROOT_CLASS = YES_ERROR;
				CLANG_WARN_SUSPICIOUS_MOVES = YES;
				CLANG_WARN_UNREACHABLE_CODE = YES;
				CLANG_WARN__DUPLICATE_METHOD_MATCH = YES;
				"CODE_SIGN_IDENTITY[sdk=iphoneos*]" = "iPhone Developer";
				COPY_PHASE_STRIP = NO;
				DEBUG_INFORMATION_FORMAT = dwarf;
				ENABLE_STRICT_OBJC_MSGSEND = YES;
				ENABLE_TESTABILITY = YES;
				GCC_C_LANGUAGE_STANDARD = gnu99;
				GCC_DYNAMIC_NO_PIC = NO;
				GCC_NO_COMMON_BLOCKS = YES;
				GCC_OPTIMIZATION_LEVEL = 0;
				GCC_PREPROCESSOR_DEFINITIONS = (
					"DEBUG=1",
					"$(inherited)",
				);
				GCC_WARN_64_TO_32_BIT_CONVERSION = YES;
				GCC_WARN_ABOUT_RETURN_TYPE = YES_ERROR;
				GCC_WARN_UNDECLARED_SELECTOR = YES;
				GCC_WARN_UNINITIALIZED_AUTOS = YES_AGGRESSIVE;
				GCC_WARN_UNUSED_FUNCTION = YES;
				GCC_WARN_UNUSED_VARIABLE = YES;
				IPHONEOS_DEPLOYMENT_TARGET = 8.0;
				MTL_ENABLE_DEBUG_INFO = YES;
				ONLY_ACTIVE_ARCH = YES;
				OTHER_SWIFT_FLAGS = "$(inherited)";
				SDKROOT = iphoneos;
				SWIFT_ACTIVE_COMPILATION_CONDITIONS = DEBUG;
				SWIFT_OPTIMIZATION_LEVEL = "-Onone";
				TARGETED_DEVICE_FAMILY = "1,2";
			};
			name = Debug;
		};
		082843CE1DAD0EC400520FA1 /* Release */ = {
			isa = XCBuildConfiguration;
			buildSettings = {
				ALWAYS_EMBED_SWIFT_STANDARD_LIBRARIES = YES;
				ALWAYS_SEARCH_USER_PATHS = NO;
				CLANG_ANALYZER_NONNULL = YES;
				CLANG_CXX_LANGUAGE_STANDARD = "gnu++0x";
				CLANG_CXX_LIBRARY = "libc++";
				CLANG_ENABLE_MODULES = YES;
				CLANG_ENABLE_OBJC_ARC = YES;
				CLANG_WARN_BOOL_CONVERSION = YES;
				CLANG_WARN_CONSTANT_CONVERSION = YES;
				CLANG_WARN_DIRECT_OBJC_ISA_USAGE = YES_ERROR;
				CLANG_WARN_DOCUMENTATION_COMMENTS = YES;
				CLANG_WARN_EMPTY_BODY = YES;
				CLANG_WARN_ENUM_CONVERSION = YES;
				CLANG_WARN_INFINITE_RECURSION = YES;
				CLANG_WARN_INT_CONVERSION = YES;
				CLANG_WARN_OBJC_ROOT_CLASS = YES_ERROR;
				CLANG_WARN_SUSPICIOUS_MOVES = YES;
				CLANG_WARN_UNREACHABLE_CODE = YES;
				CLANG_WARN__DUPLICATE_METHOD_MATCH = YES;
				"CODE_SIGN_IDENTITY[sdk=iphoneos*]" = "iPhone Developer";
				COPY_PHASE_STRIP = NO;
				DEBUG_INFORMATION_FORMAT = "dwarf-with-dsym";
				ENABLE_NS_ASSERTIONS = NO;
				ENABLE_STRICT_OBJC_MSGSEND = YES;
				GCC_C_LANGUAGE_STANDARD = gnu99;
				GCC_NO_COMMON_BLOCKS = YES;
				GCC_WARN_64_TO_32_BIT_CONVERSION = YES;
				GCC_WARN_ABOUT_RETURN_TYPE = YES_ERROR;
				GCC_WARN_UNDECLARED_SELECTOR = YES;
				GCC_WARN_UNINITIALIZED_AUTOS = YES_AGGRESSIVE;
				GCC_WARN_UNUSED_FUNCTION = YES;
				GCC_WARN_UNUSED_VARIABLE = YES;
				IPHONEOS_DEPLOYMENT_TARGET = 8.0;
				MTL_ENABLE_DEBUG_INFO = NO;
				OTHER_SWIFT_FLAGS = "$(inherited)";
				SDKROOT = iphoneos;
				SWIFT_OPTIMIZATION_LEVEL = "-Owholemodule";
				TARGETED_DEVICE_FAMILY = "1,2";
				VALIDATE_PRODUCT = YES;
			};
			name = Release;
		};
		082843D01DAD0EC400520FA1 /* Debug */ = {
			isa = XCBuildConfiguration;
			baseConfigurationReference = EB3C6F7DDF6B470867872460 /* Pods-TDDByExample.debug.xcconfig */;
			buildSettings = {
				ASSETCATALOG_COMPILER_APPICON_NAME = AppIcon;
				INFOPLIST_FILE = TDDByExample/Info.plist;
				IPHONEOS_DEPLOYMENT_TARGET = 8.0;
				LD_RUNPATH_SEARCH_PATHS = "$(inherited) @executable_path/Frameworks";
				OTHER_SWIFT_FLAGS = "$(inherited)";
				PRODUCT_BUNDLE_IDENTIFIER = com.damwoo.TDDByExample;
				PRODUCT_NAME = "$(TARGET_NAME)";
				SWIFT_VERSION = 3.0;
			};
			name = Debug;
		};
		082843D11DAD0EC400520FA1 /* Release */ = {
			isa = XCBuildConfiguration;
			baseConfigurationReference = B651993657B936CE98BFA50D /* Pods-TDDByExample.release.xcconfig */;
			buildSettings = {
				ASSETCATALOG_COMPILER_APPICON_NAME = AppIcon;
				INFOPLIST_FILE = TDDByExample/Info.plist;
				IPHONEOS_DEPLOYMENT_TARGET = 8.0;
				LD_RUNPATH_SEARCH_PATHS = "$(inherited) @executable_path/Frameworks";
				OTHER_SWIFT_FLAGS = "$(inherited)";
				PRODUCT_BUNDLE_IDENTIFIER = com.damwoo.TDDByExample;
				PRODUCT_NAME = "$(TARGET_NAME)";
				SWIFT_VERSION = 3.0;
			};
			name = Release;
		};
		082843D31DAD0EC400520FA1 /* Debug */ = {
			isa = XCBuildConfiguration;
			baseConfigurationReference = C9DC21FA4F51928F31A02B04 /* Pods-TDDByExampleTests.debug.xcconfig */;
			buildSettings = {
				ALWAYS_EMBED_SWIFT_STANDARD_LIBRARIES = YES;
				BUNDLE_LOADER = "$(TEST_HOST)";
				CLANG_ENABLE_MODULES = YES;
				INFOPLIST_FILE = TDDByExampleTests/Info.plist;
				LD_RUNPATH_SEARCH_PATHS = "$(inherited) @executable_path/Frameworks @loader_path/Frameworks";
				PRODUCT_BUNDLE_IDENTIFIER = com.damwoo.TDDByExampleTests;
				PRODUCT_NAME = "$(TARGET_NAME)";
				SWIFT_OPTIMIZATION_LEVEL = "-Onone";
				SWIFT_VERSION = 3.0;
				TEST_HOST = "$(BUILT_PRODUCTS_DIR)/TDDByExample.app/TDDByExample";
			};
			name = Debug;
		};
		082843D41DAD0EC400520FA1 /* Release */ = {
			isa = XCBuildConfiguration;
			baseConfigurationReference = A6909FEF6A9131553C9870C5 /* Pods-TDDByExampleTests.release.xcconfig */;
			buildSettings = {
				ALWAYS_EMBED_SWIFT_STANDARD_LIBRARIES = YES;
				BUNDLE_LOADER = "$(TEST_HOST)";
				CLANG_ENABLE_MODULES = YES;
				INFOPLIST_FILE = TDDByExampleTests/Info.plist;
				LD_RUNPATH_SEARCH_PATHS = "$(inherited) @executable_path/Frameworks @loader_path/Frameworks";
				PRODUCT_BUNDLE_IDENTIFIER = com.damwoo.TDDByExampleTests;
				PRODUCT_NAME = "$(TARGET_NAME)";
				SWIFT_VERSION = 3.0;
				TEST_HOST = "$(BUILT_PRODUCTS_DIR)/TDDByExample.app/TDDByExample";
			};
			name = Release;
		};
/* End XCBuildConfiguration section */

/* Begin XCConfigurationList section */
		082843A21DAD0EC400520FA1 /* Build configuration list for PBXProject "TDDByExample" */ = {
			isa = XCConfigurationList;
			buildConfigurations = (
				082843CD1DAD0EC400520FA1 /* Debug */,
				082843CE1DAD0EC400520FA1 /* Release */,
			);
			defaultConfigurationIsVisible = 0;
			defaultConfigurationName = Release;
		};
		082843CF1DAD0EC400520FA1 /* Build configuration list for PBXNativeTarget "TDDByExample" */ = {
			isa = XCConfigurationList;
			buildConfigurations = (
				082843D01DAD0EC400520FA1 /* Debug */,
				082843D11DAD0EC400520FA1 /* Release */,
			);
			defaultConfigurationIsVisible = 0;
			defaultConfigurationName = Release;
		};
		082843D21DAD0EC400520FA1 /* Build configuration list for PBXNativeTarget "TDDByExampleTests" */ = {
			isa = XCConfigurationList;
			buildConfigurations = (
				082843D31DAD0EC400520FA1 /* Debug */,
				082843D41DAD0EC400520FA1 /* Release */,
			);
			defaultConfigurationIsVisible = 0;
			defaultConfigurationName = Release;
		};
/* End XCConfigurationList section */
	};
	rootObject = 0828439F1DAD0EC400520FA1 /* Project object */;
}
